// !$*UTF8*$!
{
	archiveVersion = 1;
	classes = {
	};
	objectVersion = 46;
	objects = {

/* Begin PBXBuildFile section */
		077B0034199CB5B400AD4492 /* Foundation.framework in Frameworks */ = {isa = PBXBuildFile; fileRef = 077B0033199CB5B400AD4492 /* Foundation.framework */; };
		077B0036199CB5B400AD4492 /* CoreGraphics.framework in Frameworks */ = {isa = PBXBuildFile; fileRef = 077B0035199CB5B400AD4492 /* CoreGraphics.framework */; };
		077B0038199CB5B400AD4492 /* UIKit.framework in Frameworks */ = {isa = PBXBuildFile; fileRef = 077B0037199CB5B400AD4492 /* UIKit.framework */; };
		077B003E199CB5B400AD4492 /* InfoPlist.strings in Resources */ = {isa = PBXBuildFile; fileRef = 077B003C199CB5B400AD4492 /* InfoPlist.strings */; };
		077B0040199CB5B400AD4492 /* main.m in Sources */ = {isa = PBXBuildFile; fileRef = 077B003F199CB5B400AD4492 /* main.m */; };
		077B0044199CB5B400AD4492 /* AppDelegate.m in Sources */ = {isa = PBXBuildFile; fileRef = 077B0043199CB5B400AD4492 /* AppDelegate.m */; };
		077B0046199CB5B400AD4492 /* Images.xcassets in Resources */ = {isa = PBXBuildFile; fileRef = 077B0045199CB5B400AD4492 /* Images.xcassets */; };
		077B004D199CB5B400AD4492 /* XCTest.framework in Frameworks */ = {isa = PBXBuildFile; fileRef = 077B004C199CB5B400AD4492 /* XCTest.framework */; };
		077B004E199CB5B400AD4492 /* Foundation.framework in Frameworks */ = {isa = PBXBuildFile; fileRef = 077B0033199CB5B400AD4492 /* Foundation.framework */; };
		077B004F199CB5B400AD4492 /* UIKit.framework in Frameworks */ = {isa = PBXBuildFile; fileRef = 077B0037199CB5B400AD4492 /* UIKit.framework */; };
		077B0057199CB5B400AD4492 /* InfoPlist.strings in Resources */ = {isa = PBXBuildFile; fileRef = 077B0055199CB5B400AD4492 /* InfoPlist.strings */; };
		077B0059199CB5B400AD4492 /* LocalNoticationTestTests.m in Sources */ = {isa = PBXBuildFile; fileRef = 077B0058199CB5B400AD4492 /* LocalNoticationTestTests.m */; };
		077B0065199CB73000AD4492 /* ViewController.m in Sources */ = {isa = PBXBuildFile; fileRef = 077B0063199CB73000AD4492 /* ViewController.m */; };
		077B0066199CB73000AD4492 /* ViewController.xib in Resources */ = {isa = PBXBuildFile; fileRef = 077B0064199CB73000AD4492 /* ViewController.xib */; };
/* End PBXBuildFile section */

/* Begin PBXContainerItemProxy section */
		077B0050199CB5B400AD4492 /* PBXContainerItemProxy */ = {
			isa = PBXContainerItemProxy;
			containerPortal = 077B0028199CB5B400AD4492 /* Project object */;
			proxyType = 1;
			remoteGlobalIDString = 077B002F199CB5B400AD4492;
			remoteInfo = LocalNoticationTest;
		};
/* End PBXContainerItemProxy section */

/* Begin PBXFileReference section */
		077B0030199CB5B400AD4492 /* LocalNoticationTest.app */ = {isa = PBXFileReference; explicitFileType = wrapper.application; includeInIndex = 0; path = LocalNoticationTest.app; sourceTree = BUILT_PRODUCTS_DIR; };
		077B0033199CB5B400AD4492 /* Foundation.framework */ = {isa = PBXFileReference; lastKnownFileType = wrapper.framework; name = Foundation.framework; path = System/Library/Frameworks/Foundation.framework; sourceTree = SDKROOT; };
		077B0035199CB5B400AD4492 /* CoreGraphics.framework */ = {isa = PBXFileReference; lastKnownFileType = wrapper.framework; name = CoreGraphics.framework; path = System/Library/Frameworks/CoreGraphics.framework; sourceTree = SDKROOT; };
		077B0037199CB5B400AD4492 /* UIKit.framework */ = {isa = PBXFileReference; lastKnownFileType = wrapper.framework; name = UIKit.framework; path = System/Library/Frameworks/UIKit.framework; sourceTree = SDKROOT; };
		077B003B199CB5B400AD4492 /* LocalNoticationTest-Info.plist */ = {isa = PBXFileReference; lastKnownFileType = text.plist.xml; path = "LocalNoticationTest-Info.plist"; sourceTree = "<group>"; };
		077B003D199CB5B400AD4492 /* en */ = {isa = PBXFileReference; lastKnownFileType = text.plist.strings; name = en; path = en.lproj/InfoPlist.strings; sourceTree = "<group>"; };
		077B003F199CB5B400AD4492 /* main.m */ = {isa = PBXFileReference; lastKnownFileType = sourcecode.c.objc; path = main.m; sourceTree = "<group>"; };
		077B0041199CB5B400AD4492 /* LocalNoticationTest-Prefix.pch */ = {isa = PBXFileReference; lastKnownFileType = sourcecode.c.h; path = "LocalNoticationTest-Prefix.pch"; sourceTree = "<group>"; };
		077B0042199CB5B400AD4492 /* AppDelegate.h */ = {isa = PBXFileReference; lastKnownFileType = sourcecode.c.h; path = AppDelegate.h; sourceTree = "<group>"; };
		077B0043199CB5B400AD4492 /* AppDelegate.m */ = {isa = PBXFileReference; lastKnownFileType = sourcecode.c.objc; path = AppDelegate.m; sourceTree = "<group>"; };
		077B0045199CB5B400AD4492 /* Images.xcassets */ = {isa = PBXFileReference; lastKnownFileType = folder.assetcatalog; path = Images.xcassets; sourceTree = "<group>"; };
		077B004B199CB5B400AD4492 /* LocalNoticationTestTests.xctest */ = {isa = PBXFileReference; explicitFileType = wrapper.cfbundle; includeInIndex = 0; path = LocalNoticationTestTests.xctest; sourceTree = BUILT_PRODUCTS_DIR; };
		077B004C199CB5B400AD4492 /* XCTest.framework */ = {isa = PBXFileReference; lastKnownFileType = wrapper.framework; name = XCTest.framework; path = Library/Frameworks/XCTest.framework; sourceTree = DEVELOPER_DIR; };
		077B0054199CB5B400AD4492 /* LocalNoticationTestTests-Info.plist */ = {isa = PBXFileReference; lastKnownFileType = text.plist.xml; path = "LocalNoticationTestTests-Info.plist"; sourceTree = "<group>"; };
		077B0056199CB5B400AD4492 /* en */ = {isa = PBXFileReference; lastKnownFileType = text.plist.strings; name = en; path = en.lproj/InfoPlist.strings; sourceTree = "<group>"; };
		077B0058199CB5B400AD4492 /* LocalNoticationTestTests.m */ = {isa = PBXFileReference; lastKnownFileType = sourcecode.c.objc; path = LocalNoticationTestTests.m; sourceTree = "<group>"; };
		077B0062199CB73000AD4492 /* ViewController.h */ = {isa = PBXFileReference; fileEncoding = 4; lastKnownFileType = sourcecode.c.h; path = ViewController.h; sourceTree = "<group>"; };
		077B0063199CB73000AD4492 /* ViewController.m */ = {isa = PBXFileReference; fileEncoding = 4; lastKnownFileType = sourcecode.c.objc; path = ViewController.m; sourceTree = "<group>"; };
		077B0064199CB73000AD4492 /* ViewController.xib */ = {isa = PBXFileReference; fileEncoding = 4; lastKnownFileType = file.xib; path = ViewController.xib; sourceTree = "<group>"; };
/* End PBXFileReference section */

/* Begin PBXFrameworksBuildPhase section */
		077B002D199CB5B400AD4492 /* Frameworks */ = {
			isa = PBXFrameworksBuildPhase;
			buildActionMask = 2147483647;
			files = (
				077B0036199CB5B400AD4492 /* CoreGraphics.framework in Frameworks */,
				077B0038199CB5B400AD4492 /* UIKit.framework in Frameworks */,
				077B0034199CB5B400AD4492 /* Foundation.framework in Frameworks */,
			);
			runOnlyForDeploymentPostprocessing = 0;
		};
		077B0048199CB5B400AD4492 /* Frameworks */ = {
			isa = PBXFrameworksBuildPhase;
			buildActionMask = 2147483647;
			files = (
				077B004D199CB5B400AD4492 /* XCTest.framework in Frameworks */,
				077B004F199CB5B400AD4492 /* UIKit.framework in Frameworks */,
				077B004E199CB5B400AD4492 /* Foundation.framework in Frameworks */,
			);
			runOnlyForDeploymentPostprocessing = 0;
		};
/* End PBXFrameworksBuildPhase section */

/* Begin PBXGroup section */
		077B0027199CB5B400AD4492 = {
			isa = PBXGroup;
			children = (
				077B0039199CB5B400AD4492 /* LocalNoticationTest */,
				077B0052199CB5B400AD4492 /* LocalNoticationTestTests */,
				077B0032199CB5B400AD4492 /* Frameworks */,
				077B0031199CB5B400AD4492 /* Products */,
			);
			sourceTree = "<group>";
		};
		077B0031199CB5B400AD4492 /* Products */ = {
			isa = PBXGroup;
			children = (
				077B0030199CB5B400AD4492 /* LocalNoticationTest.app */,
				077B004B199CB5B400AD4492 /* LocalNoticationTestTests.xctest */,
			);
			name = Products;
			sourceTree = "<group>";
		};
		077B0032199CB5B400AD4492 /* Frameworks */ = {
			isa = PBXGroup;
			children = (
				077B0033199CB5B400AD4492 /* Foundation.framework */,
				077B0035199CB5B400AD4492 /* CoreGraphics.framework */,
				077B0037199CB5B400AD4492 /* UIKit.framework */,
				077B004C199CB5B400AD4492 /* XCTest.framework */,
			);
			name = Frameworks;
			sourceTree = "<group>";
		};
		077B0039199CB5B400AD4492 /* LocalNoticationTest */ = {
			isa = PBXGroup;
			children = (
				077B0042199CB5B400AD4492 /* AppDelegate.h */,
				077B0043199CB5B400AD4492 /* AppDelegate.m */,
				077B0062199CB73000AD4492 /* ViewController.h */,
				077B0063199CB73000AD4492 /* ViewController.m */,
				077B0064199CB73000AD4492 /* ViewController.xib */,
				077B0045199CB5B400AD4492 /* Images.xcassets */,
				077B003A199CB5B400AD4492 /* Supporting Files */,
			);
			path = LocalNoticationTest;
			sourceTree = "<group>";
		};
		077B003A199CB5B400AD4492 /* Supporting Files */ = {
			isa = PBXGroup;
			children = (
				077B003B199CB5B400AD4492 /* LocalNoticationTest-Info.plist */,
				077B003C199CB5B400AD4492 /* InfoPlist.strings */,
				077B003F199CB5B400AD4492 /* main.m */,
				077B0041199CB5B400AD4492 /* LocalNoticationTest-Prefix.pch */,
			);
			name = "Supporting Files";
			sourceTree = "<group>";
		};
		077B0052199CB5B400AD4492 /* LocalNoticationTestTests */ = {
			isa = PBXGroup;
			children = (
				077B0058199CB5B400AD4492 /* LocalNoticationTestTests.m */,
				077B0053199CB5B400AD4492 /* Supporting Files */,
			);
			path = LocalNoticationTestTests;
			sourceTree = "<group>";
		};
		077B0053199CB5B400AD4492 /* Supporting Files */ = {
			isa = PBXGroup;
			children = (
				077B0054199CB5B400AD4492 /* LocalNoticationTestTests-Info.plist */,
				077B0055199CB5B400AD4492 /* InfoPlist.strings */,
			);
			name = "Supporting Files";
			sourceTree = "<group>";
		};
/* End PBXGroup section */

/* Begin PBXNativeTarget section */
		077B002F199CB5B400AD4492 /* LocalNoticationTest */ = {
			isa = PBXNativeTarget;
			buildConfigurationList = 077B005C199CB5B400AD4492 /* Build configuration list for PBXNativeTarget "LocalNoticationTest" */;
			buildPhases = (
				077B002C199CB5B400AD4492 /* Sources */,
				077B002D199CB5B400AD4492 /* Frameworks */,
				077B002E199CB5B400AD4492 /* Resources */,
			);
			buildRules = (
			);
			dependencies = (
			);
			name = LocalNoticationTest;
			productName = LocalNoticationTest;
			productReference = 077B0030199CB5B400AD4492 /* LocalNoticationTest.app */;
			productType = "com.apple.product-type.application";
		};
		077B004A199CB5B400AD4492 /* LocalNoticationTestTests */ = {
			isa = PBXNativeTarget;
			buildConfigurationList = 077B005F199CB5B400AD4492 /* Build configuration list for PBXNativeTarget "LocalNoticationTestTests" */;
			buildPhases = (
				077B0047199CB5B400AD4492 /* Sources */,
				077B0048199CB5B400AD4492 /* Frameworks */,
				077B0049199CB5B400AD4492 /* Resources */,
			);
			buildRules = (
			);
			dependencies = (
				077B0051199CB5B400AD4492 /* PBXTargetDependency */,
			);
			name = LocalNoticationTestTests;
			productName = LocalNoticationTestTests;
			productReference = 077B004B199CB5B400AD4492 /* LocalNoticationTestTests.xctest */;
			productType = "com.apple.product-type.bundle.unit-test";
		};
/* End PBXNativeTarget section */

/* Begin PBXProject section */
		077B0028199CB5B400AD4492 /* Project object */ = {
			isa = PBXProject;
			attributes = {
				LastUpgradeCheck = 0510;
				ORGANIZATIONNAME = Floar;
				TargetAttributes = {
					077B004A199CB5B400AD4492 = {
						TestTargetID = 077B002F199CB5B400AD4492;
					};
				};
			};
			buildConfigurationList = 077B002B199CB5B400AD4492 /* Build configuration list for PBXProject "LocalNoticationTest" */;
			compatibilityVersion = "Xcode 3.2";
			developmentRegion = English;
			hasScannedForEncodings = 0;
			knownRegions = (
				en,
			);
			mainGroup = 077B0027199CB5B400AD4492;
			productRefGroup = 077B0031199CB5B400AD4492 /* Products */;
			projectDirPath = "";
			projectRoot = "";
			targets = (
				077B002F199CB5B400AD4492 /* LocalNoticationTest */,
				077B004A199CB5B400AD4492 /* LocalNoticationTestTests */,
			);
		};
/* End PBXProject section */

/* Begin PBXResourcesBuildPhase section */
		077B002E199CB5B400AD4492 /* Resources */ = {
			isa = PBXResourcesBuildPhase;
			buildActionMask = 2147483647;
			files = (
				077B003E199CB5B400AD4492 /* InfoPlist.strings in Resources */,
				077B0066199CB73000AD4492 /* ViewController.xib in Resources */,
				077B0046199CB5B400AD4492 /* Images.xcassets in Resources */,
			);
			runOnlyForDeploymentPostprocessing = 0;
		};
		077B0049199CB5B400AD4492 /* Resources */ = {
			isa = PBXResourcesBuildPhase;
			buildActionMask = 2147483647;
			files = (
				077B0057199CB5B400AD4492 /* InfoPlist.strings in Resources */,
			);
			runOnlyForDeploymentPostprocessing = 0;
		};
/* End PBXResourcesBuildPhase section */

/* Begin PBXSourcesBuildPhase section */
		077B002C199CB5B400AD4492 /* Sources */ = {
			isa = PBXSourcesBuildPhase;
			buildActionMask = 2147483647;
			files = (
				077B0065199CB73000AD4492 /* ViewController.m in Sources */,
				077B0044199CB5B400AD4492 /* AppDelegate.m in Sources */,
				077B0040199CB5B400AD4492 /* main.m in Sources */,
			);
			runOnlyForDeploymentPostprocessing = 0;
		};
		077B0047199CB5B400AD4492 /* Sources */ = {
			isa = PBXSourcesBuildPhase;
			buildActionMask = 2147483647;
			files = (
				077B0059199CB5B400AD4492 /* LocalNoticationTestTests.m in Sources */,
			);
			runOnlyForDeploymentPostprocessing = 0;
		};
/* End PBXSourcesBuildPhase section */

/* Begin PBXTargetDependency section */
		077B0051199CB5B400AD4492 /* PBXTargetDependency */ = {
			isa = PBXTargetDependency;
			target = 077B002F199CB5B400AD4492 /* LocalNoticationTest */;
			targetProxy = 077B0050199CB5B400AD4492 /* PBXContainerItemProxy */;
		};
/* End PBXTargetDependency section */

/* Begin PBXVariantGroup section */
		077B003C199CB5B400AD4492 /* InfoPlist.strings */ = {
			isa = PBXVariantGroup;
			children = (
				077B003D199CB5B400AD4492 /* en */,
			);
			name = InfoPlist.strings;
			sourceTree = "<group>";
		};
		077B0055199CB5B400AD4492 /* InfoPlist.strings */ = {
			isa = PBXVariantGroup;
			children = (
				077B0056199CB5B400AD4492 /* en */,
			);
			name = InfoPlist.strings;
			sourceTree = "<group>";
		};
/* End PBXVariantGroup section */

/* Begin XCBuildConfiguration section */
		077B005A199CB5B400AD4492 /* Debug */ = {
			isa = XCBuildConfiguration;
			buildSettings = {
				ALWAYS_SEARCH_USER_PATHS = NO;
				CLANG_CXX_LANGUAGE_STANDARD = "gnu++0x";
				CLANG_CXX_LIBRARY = "libc++";
				CLANG_ENABLE_MODULES = YES;
				CLANG_ENABLE_OBJC_ARC = YES;
				CLANG_WARN_BOOL_CONVERSION = YES;
				CLANG_WARN_CONSTANT_CONVERSION = YES;
				CLANG_WARN_DIRECT_OBJC_ISA_USAGE = YES_ERROR;
				CLANG_WARN_EMPTY_BODY = YES;
				CLANG_WARN_ENUM_CONVERSION = YES;
				CLANG_WARN_INT_CONVERSION = YES;
				CLANG_WARN_OBJC_ROOT_CLASS = YES_ERROR;
				CLANG_WARN__DUPLICATE_METHOD_MATCH = YES;
				"CODE_SIGN_IDENTITY[sdk=iphoneos*]" = "iPhone Developer";
				COPY_PHASE_STRIP = NO;
				GCC_C_LANGUAGE_STANDARD = gnu99;
				GCC_DYNAMIC_NO_PIC = NO;
				GCC_OPTIMIZATION_LEVEL = 0;
				GCC_PREPROCESSOR_DEFINITIONS = (
					"DEBUG=1",
					"$(inherited)",
				);
				GCC_SYMBOLS_PRIVATE_EXTERN = NO;
				GCC_WARN_64_TO_32_BIT_CONVERSION = YES;
				GCC_WARN_ABOUT_RETURN_TYPE = YES_ERROR;
				GCC_WARN_UNDECLARED_SELECTOR = YES;
				GCC_WARN_UNINITIALIZED_AUTOS = YES_AGGRESSIVE;
				GCC_WARN_UNUSED_FUNCTION = YES;
				GCC_WARN_UNUSED_VARIABLE = YES;
				IPHONEOS_DEPLOYMENT_TARGET = 7.1;
				ONLY_ACTIVE_ARCH = YES;
				SDKROOT = iphoneos;
			};
			name = Debug;
		};
		077B005B199CB5B400AD4492 /* Release */ = {
			isa = XCBuildConfiguration;
			buildSettings = {
				ALWAYS_SEARCH_USER_PATHS = NO;
				CLANG_CXX_LANGUAGE_STANDARD = "gnu++0x";
				CLANG_CXX_LIBRARY = "libc++";
				CLANG_ENABLE_MODULES = YES;
				CLANG_ENABLE_OBJC_ARC = YES;
				CLANG_WARN_BOOL_CONVERSION = YES;
				CLANG_WARN_CONSTANT_CONVERSION = YES;
				CLANG_WARN_DIRECT_OBJC_ISA_USAGE = YES_ERROR;
				CLANG_WARN_EMPTY_BODY = YES;
				CLANG_WARN_ENUM_CONVERSION = YES;
				CLANG_WARN_INT_CONVERSION = YES;
				CLANG_WARN_OBJC_ROOT_CLASS = YES_ERROR;
				CLANG_WARN__DUPLICATE_METHOD_MATCH = YES;
				"CODE_SIGN_IDENTITY[sdk=iphoneos*]" = "iPhone Developer";
				COPY_PHASE_STRIP = YES;
				ENABLE_NS_ASSERTIONS = NO;
				GCC_C_LANGUAGE_STANDARD = gnu99;
				GCC_WARN_64_TO_32_BIT_CONVERSION = YES;
				GCC_WARN_ABOUT_RETURN_TYPE = YES_ERROR;
				GCC_WARN_UNDECLARED_SELECTOR = YES;
				GCC_WARN_UNINITIALIZED_AUTOS = YES_AGGRESSIVE;
				GCC_WARN_UNUSED_FUNCTION = YES;
				GCC_WARN_UNUSED_VARIABLE = YES;
				IPHONEOS_DEPLOYMENT_TARGET = 7.1;
				SDKROOT = iphoneos;
				VALIDATE_PRODUCT = YES;
			};
			name = Release;
		};
		077B005D199CB5B400AD4492 /* Debug */ = {
			isa = XCBuildConfiguration;
			buildSettings = {
				ASSETCATALOG_COMPILER_APPICON_NAME = AppIcon;
				ASSETCATALOG_COMPILER_LAUNCHIMAGE_NAME = LaunchImage;
				GCC_PRECOMPILE_PREFIX_HEADER = YES;
				GCC_PREFIX_HEADER = "LocalNoticationTest/LocalNoticationTest-Prefix.pch";
				INFOPLIST_FILE = "LocalNoticationTest/LocalNoticationTest-Info.plist";
				PRODUCT_NAME = "$(TARGET_NAME)";
				WRAPPER_EXTENSION = app;
			};
			name = Debug;
		};
		077B005E199CB5B400AD4492 /* Release */ = {
			isa = XCBuildConfiguration;
			buildSettings = {
				ASSETCATALOG_COMPILER_APPICON_NAME = AppIcon;
				ASSETCATALOG_COMPILER_LAUNCHIMAGE_NAME = LaunchImage;
				GCC_PRECOMPILE_PREFIX_HEADER = YES;
				GCC_PREFIX_HEADER = "LocalNoticationTest/LocalNoticationTest-Prefix.pch";
				INFOPLIST_FILE = "LocalNoticationTest/LocalNoticationTest-Info.plist";
				PRODUCT_NAME = "$(TARGET_NAME)";
				WRAPPER_EXTENSION = app;
			};
			name = Release;
		};
		077B0060199CB5B400AD4492 /* Debug */ = {
			isa = XCBuildConfiguration;
			buildSettings = {
				BUNDLE_LOADER = "$(BUILT_PRODUCTS_DIR)/LocalNoticationTest.app/LocalNoticationTest";
				FRAMEWORK_SEARCH_PATHS = (
					"$(SDKROOT)/Developer/Library/Frameworks",
					"$(inherited)",
					"$(DEVELOPER_FRAMEWORKS_DIR)",
				);
				GCC_PRECOMPILE_PREFIX_HEADER = YES;
				GCC_PREFIX_HEADER = "LocalNoticationTest/LocalNoticationTest-Prefix.pch";
				GCC_PREPROCESSOR_DEFINITIONS = (
					"DEBUG=1",
					"$(inherited)",
				);
				INFOPLIST_FILE = "LocalNoticationTestTests/LocalNoticationTestTests-Info.plist";
				PRODUCT_NAME = "$(TARGET_NAME)";
				TEST_HOST = "$(BUNDLE_LOADER)";
				WRAPPER_EXTENSION = xctest;
			};
			name = Debug;
		};
		077B0061199CB5B400AD4492 /* Release */ = {
			isa = XCBuildConfiguration;
			buildSettings = {
				BUNDLE_LOADER = "$(BUILT_PRODUCTS_DIR)/LocalNoticationTest.app/LocalNoticationTest";
				FRAMEWORK_SEARCH_PATHS = (
					"$(SDKROOT)/Developer/Library/Frameworks",
					"$(inherited)",
					"$(DEVELOPER_FRAMEWORKS_DIR)",
				);
				GCC_PRECOMPILE_PREFIX_HEADER = YES;
				GCC_PREFIX_HEADER = "LocalNoticationTest/LocalNoticationTest-Prefix.pch";
				INFOPLIST_FILE = "LocalNoticationTestTests/LocalNoticationTestTests-Info.plist";
				PRODUCT_NAME = "$(TARGET_NAME)";
				TEST_HOST = "$(BUNDLE_LOADER)";
				WRAPPER_EXTENSION = xctest;
			};
			name = Release;
		};
/* End XCBuildConfiguration section */

/* Begin XCConfigurationList section */
		077B002B199CB5B400AD4492 /* Build configuration list for PBXProject "LocalNoticationTest" */ = {
			isa = XCConfigurationList;
			buildConfigurations = (
				077B005A199CB5B400AD4492 /* Debug */,
				077B005B199CB5B400AD4492 /* Release */,
			);
			defaultConfigurationIsVisible = 0;
			defaultConfigurationName = Release;
		};
		077B005C199CB5B400AD4492 /* Build configuration list for PBXNativeTarget "LocalNoticationTest" */ = {
			isa = XCConfigurationList;
			buildConfigurations = (
				077B005D199CB5B400AD4492 /* Debug */,
				077B005E199CB5B400AD4492 /* Release */,
			);
			defaultConfigurationIsVisible = 0;
		};
		077B005F199CB5B400AD4492 /* Build configuration list for PBXNativeTarget "LocalNoticationTestTests" */ = {
			isa = XCConfigurationList;
			buildConfigurations = (
				077B0060199CB5B400AD4492 /* Debug */,
				077B0061199CB5B400AD4492 /* Release */,
			);
			defaultConfigurationIsVisible = 0;
		};
/* End XCConfigurationList section */
	};
	rootObject = 077B0028199CB5B400AD4492 /* Project object */;
}
